
Microsoft Visual Studio Solution File, Format Version 12.00
# Visual Studio Version 16
VisualStudioVersion = 16.0.30907.101
MinimumVisualStudioVersion = 10.0.40219.1
Project("{FAE04EC0-301F-11D3-BF4B-00C04F79EFBC}") = "PruebaControl", "Prueba Control\PruebaControl.csproj", "{1E81DABE-30DA-4154-85C1-30061DDD3D1F}"
EndProject
Project("{FAE04EC0-301F-11D3-BF4B-00C04F79EFBC}") = "Control", "Control\Control.csproj", "{5C105391-EE25-4058-824A-03F1DC917674}"
EndProject
Global
	GlobalSection(SolutionConfigurationPlatforms) = preSolution
		Debug|Any CPU = Debug|Any CPU
		Release|Any CPU = Release|Any CPU
	EndGlobalSection
	GlobalSection(ProjectConfigurationPlatforms) = postSolution
		{1E81DABE-30DA-4154-85C1-30061DDD3D1F}.Debug|Any CPU.ActiveCfg = Debug|Any CPU
		{1E81DABE-30DA-4154-85C1-30061DDD3D1F}.Debug|Any CPU.Build.0 = Debug|Any CPU
		{1E81DABE-30DA-4154-85C1-30061DDD3D1F}.Release|Any CPU.ActiveCfg = Release|Any CPU
		{1E81DABE-30DA-4154-85C1-30061DDD3D1F}.Release|Any CPU.Build.0 = Release|Any CPU
		{5C105391-EE25-4058-824A-03F1DC917674}.Debug|Any CPU.ActiveCfg = Debug|Any CPU
		{5C105391-EE25-4058-824A-03F1DC917674}.Debug|Any CPU.Build.0 = Debug|Any CPU
		{5C105391-EE25-4058-824A-03F1DC917674}.Release|Any CPU.ActiveCfg = Release|Any CPU
		{5C105391-EE25-4058-824A-03F1DC917674}.Release|Any CPU.Build.0 = Release|Any CPU
	EndGlobalSection
	GlobalSection(SolutionProperties) = preSolution
		HideSolutionNode = FALSE
	EndGlobalSection
	GlobalSection(ExtensibilityGlobals) = postSolution
		SolutionGuid = {79321924-4772-4D9C-9659-0EB1F6470B77}
	EndGlobalSection
EndGlobal
